{
    "name": "sublime-search-vscode",
    "version": "0.0.2",
    "lockfileVersion": 1,
    "requires": true,
    "dependencies": {
        "vscode-ripgrep": {
            "version": "0.0.26",
            "resolved": "https://registry.npmjs.org/vscode-ripgrep/-/vscode-ripgrep-0.0.26.tgz",
            "integrity": "sha1-oxXl1DSo6oa0xnuwpFOepxQTG/o="
        }
    }
}
