{
    "name": "sublime-search-vscode",
    "version": "0.1.0",
    "lockfileVersion": 1,
    "requires": true,
    "dependencies": {
        "vscode-ripgrep": {
            "version": "1.0.1",
            "resolved": "https://registry.npmjs.org/vscode-ripgrep/-/vscode-ripgrep-1.0.1.tgz",
            "integrity": "sha1-7/LysqSZIawKzT/43+yq7r8BhM8="
        }
    }
}